
Microsoft Visual Studio Solution File, Format Version 12.00
# Visual Studio Version 17
VisualStudioVersion = 17.0.31903.59
MinimumVisualStudioVersion = 10.0.40219.1
Project("{FAE04EC0-301F-11D3-BF4B-00C04F79EFBC}") = "ApiShield.Api", "ApiShield.Api\ApiShield.Api.csproj", "{5E7EDBCF-B202-4649-A462-98332EB16572}"
EndProject
Project("{FAE04EC0-301F-11D3-BF4B-00C04F79EFBC}") = "ApiShield.Core", "ApiShield.Core\ApiShield.Core.csproj", "{45AFA356-9904-428B-9387-037D0DCD7486}"
EndProject
Project("{FAE04EC0-301F-11D3-BF4B-00C04F79EFBC}") = "ApiShield.UnitTests", "ApiShield.UnitTests\ApiShield.UnitTests.csproj", "{EADB237A-E2E8-4491-A20F-6A9E5106936A}"
EndProject
Project("{FAE04EC0-301F-11D3-BF4B-00C04F79EFBC}") = "ApiShield.IntegrationTests", "ApiShield.IntegrationTests\ApiShield.IntegrationTests.csproj", "{DC4DCE72-77DE-484D-9C0D-64FF59A14583}"
EndProject
Global
	GlobalSection(SolutionConfigurationPlatforms) = preSolution
		Debug|Any CPU = Debug|Any CPU
		Debug|x64 = Debug|x64
		Debug|x86 = Debug|x86
		Release|Any CPU = Release|Any CPU
		Release|x64 = Release|x64
		Release|x86 = Release|x86
	EndGlobalSection
	GlobalSection(ProjectConfigurationPlatforms) = postSolution
		{5E7EDBCF-B202-4649-A462-98332EB16572}.Debug|Any CPU.ActiveCfg = Debug|Any CPU
		{5E7EDBCF-B202-4649-A462-98332EB16572}.Debug|Any CPU.Build.0 = Debug|Any CPU
		{5E7EDBCF-B202-4649-A462-98332EB16572}.Debug|x64.ActiveCfg = Debug|Any CPU
		{5E7EDBCF-B202-4649-A462-98332EB16572}.Debug|x64.Build.0 = Debug|Any CPU
		{5E7EDBCF-B202-4649-A462-98332EB16572}.Debug|x86.ActiveCfg = Debug|Any CPU
		{5E7EDBCF-B202-4649-A462-98332EB16572}.Debug|x86.Build.0 = Debug|Any CPU
		{5E7EDBCF-B202-4649-A462-98332EB16572}.Release|Any CPU.ActiveCfg = Release|Any CPU
		{5E7EDBCF-B202-4649-A462-98332EB16572}.Release|Any CPU.Build.0 = Release|Any CPU
		{5E7EDBCF-B202-4649-A462-98332EB16572}.Release|x64.ActiveCfg = Release|Any CPU
		{5E7EDBCF-B202-4649-A462-98332EB16572}.Release|x64.Build.0 = Release|Any CPU
		{5E7EDBCF-B202-4649-A462-98332EB16572}.Release|x86.ActiveCfg = Release|Any CPU
		{5E7EDBCF-B202-4649-A462-98332EB16572}.Release|x86.Build.0 = Release|Any CPU
		{45AFA356-9904-428B-9387-037D0DCD7486}.Debug|Any CPU.ActiveCfg = Debug|Any CPU
		{45AFA356-9904-428B-9387-037D0DCD7486}.Debug|Any CPU.Build.0 = Debug|Any CPU
		{45AFA356-9904-428B-9387-037D0DCD7486}.Debug|x64.ActiveCfg = Debug|Any CPU
		{45AFA356-9904-428B-9387-037D0DCD7486}.Debug|x64.Build.0 = Debug|Any CPU
		{45AFA356-9904-428B-9387-037D0DCD7486}.Debug|x86.ActiveCfg = Debug|Any CPU
		{45AFA356-9904-428B-9387-037D0DCD7486}.Debug|x86.Build.0 = Debug|Any CPU
		{45AFA356-9904-428B-9387-037D0DCD7486}.Release|Any CPU.ActiveCfg = Release|Any CPU
		{45AFA356-9904-428B-9387-037D0DCD7486}.Release|Any CPU.Build.0 = Release|Any CPU
		{45AFA356-9904-428B-9387-037D0DCD7486}.Release|x64.ActiveCfg = Release|Any CPU
		{45AFA356-9904-428B-9387-037D0DCD7486}.Release|x64.Build.0 = Release|Any CPU
		{45AFA356-9904-428B-9387-037D0DCD7486}.Release|x86.ActiveCfg = Release|Any CPU
		{45AFA356-9904-428B-9387-037D0DCD7486}.Release|x86.Build.0 = Release|Any CPU
		{EADB237A-E2E8-4491-A20F-6A9E5106936A}.Debug|Any CPU.ActiveCfg = Debug|Any CPU
		{EADB237A-E2E8-4491-A20F-6A9E5106936A}.Debug|Any CPU.Build.0 = Debug|Any CPU
		{EADB237A-E2E8-4491-A20F-6A9E5106936A}.Debug|x64.ActiveCfg = Debug|Any CPU
		{EADB237A-E2E8-4491-A20F-6A9E5106936A}.Debug|x64.Build.0 = Debug|Any CPU
		{EADB237A-E2E8-4491-A20F-6A9E5106936A}.Debug|x86.ActiveCfg = Debug|Any CPU
		{EADB237A-E2E8-4491-A20F-6A9E5106936A}.Debug|x86.Build.0 = Debug|Any CPU
		{EADB237A-E2E8-4491-A20F-6A9E5106936A}.Release|Any CPU.ActiveCfg = Release|Any CPU
		{EADB237A-E2E8-4491-A20F-6A9E5106936A}.Release|Any CPU.Build.0 = Release|Any CPU
		{EADB237A-E2E8-4491-A20F-6A9E5106936A}.Release|x64.ActiveCfg = Release|Any CPU
		{EADB237A-E2E8-4491-A20F-6A9E5106936A}.Release|x64.Build.0 = Release|Any CPU
		{EADB237A-E2E8-4491-A20F-6A9E5106936A}.Release|x86.ActiveCfg = Release|Any CPU
		{EADB237A-E2E8-4491-A20F-6A9E5106936A}.Release|x86.Build.0 = Release|Any CPU
		{DC4DCE72-77DE-484D-9C0D-64FF59A14583}.Debug|Any CPU.ActiveCfg = Debug|Any CPU
		{DC4DCE72-77DE-484D-9C0D-64FF59A14583}.Debug|Any CPU.Build.0 = Debug|Any CPU
		{DC4DCE72-77DE-484D-9C0D-64FF59A14583}.Debug|x64.ActiveCfg = Debug|Any CPU
		{DC4DCE72-77DE-484D-9C0D-64FF59A14583}.Debug|x64.Build.0 = Debug|Any CPU
		{DC4DCE72-77DE-484D-9C0D-64FF59A14583}.Debug|x86.ActiveCfg = Debug|Any CPU
		{DC4DCE72-77DE-484D-9C0D-64FF59A14583}.Debug|x86.Build.0 = Debug|Any CPU
		{DC4DCE72-77DE-484D-9C0D-64FF59A14583}.Release|Any CPU.ActiveCfg = Release|Any CPU
		{DC4DCE72-77DE-484D-9C0D-64FF59A14583}.Release|Any CPU.Build.0 = Release|Any CPU
		{DC4DCE72-77DE-484D-9C0D-64FF59A14583}.Release|x64.ActiveCfg = Release|Any CPU
		{DC4DCE72-77DE-484D-9C0D-64FF59A14583}.Release|x64.Build.0 = Release|Any CPU
		{DC4DCE72-77DE-484D-9C0D-64FF59A14583}.Release|x86.ActiveCfg = Release|Any CPU
		{DC4DCE72-77DE-484D-9C0D-64FF59A14583}.Release|x86.Build.0 = Release|Any CPU
	EndGlobalSection
	GlobalSection(SolutionProperties) = preSolution
		HideSolutionNode = FALSE
	EndGlobalSection
EndGlobal
